// !$*UTF8*$!
{
	archiveVersion = 1;
	classes = {
	};
	objectVersion = 50;
	objects = {

/* Begin PBXBuildFile section */
		156D446820C2836600BE1934 /* AppDelegate.swift in Sources */ = {isa = PBXBuildFile; fileRef = 156D446720C2836600BE1934 /* AppDelegate.swift */; };
		156D446A20C2836600BE1934 /* ViewController.swift in Sources */ = {isa = PBXBuildFile; fileRef = 156D446920C2836600BE1934 /* ViewController.swift */; };
		156D446D20C2836600BE1934 /* Main.storyboard in Resources */ = {isa = PBXBuildFile; fileRef = 156D446B20C2836600BE1934 /* Main.storyboard */; };
		156D446F20C2836800BE1934 /* Assets.xcassets in Resources */ = {isa = PBXBuildFile; fileRef = 156D446E20C2836800BE1934 /* Assets.xcassets */; };
		156D447220C2836800BE1934 /* LaunchScreen.storyboard in Resources */ = {isa = PBXBuildFile; fileRef = 156D447020C2836800BE1934 /* LaunchScreen.storyboard */; };
		156D447A20C283C200BE1934 /* DDPlayerView.swift in Sources */ = {isa = PBXBuildFile; fileRef = 156D447920C283C200BE1934 /* DDPlayerView.swift */; };
/* End PBXBuildFile section */

/* Begin PBXFileReference section */
		156D446420C2836600BE1934 /* TestAVPlayerLayer.app */ = {isa = PBXFileReference; explicitFileType = wrapper.application; includeInIndex = 0; path = TestAVPlayerLayer.app; sourceTree = BUILT_PRODUCTS_DIR; };
		156D446720C2836600BE1934 /* AppDelegate.swift */ = {isa = PBXFileReference; lastKnownFileType = sourcecode.swift; path = AppDelegate.swift; sourceTree = "<group>"; };
		156D446920C2836600BE1934 /* ViewController.swift */ = {isa = PBXFileReference; lastKnownFileType = sourcecode.swift; path = ViewController.swift; sourceTree = "<group>"; };
		156D446C20C2836600BE1934 /* Base */ = {isa = PBXFileReference; lastKnownFileType = file.storyboard; name = Base; path = Base.lproj/Main.storyboard; sourceTree = "<group>"; };
		156D446E20C2836800BE1934 /* Assets.xcassets */ = {isa = PBXFileReference; lastKnownFileType = folder.assetcatalog; path = Assets.xcassets; sourceTree = "<group>"; };
		156D447120C2836800BE1934 /* Base */ = {isa = PBXFileReference; lastKnownFileType = file.storyboard; name = Base; path = Base.lproj/LaunchScreen.storyboard; sourceTree = "<group>"; };
		156D447320C2836800BE1934 /* Info.plist */ = {isa = PBXFileReference; lastKnownFileType = text.plist.xml; path = Info.plist; sourceTree = "<group>"; };
		156D447920C283C200BE1934 /* DDPlayerView.swift */ = {isa = PBXFileReference; lastKnownFileType = sourcecode.swift; path = DDPlayerView.swift; sourceTree = "<group>"; };
/* End PBXFileReference section */

/* Begin PBXFrameworksBuildPhase section */
		156D446120C2836600BE1934 /* Frameworks */ = {
			isa = PBXFrameworksBuildPhase;
			buildActionMask = 2147483647;
			files = (
			);
			runOnlyForDeploymentPostprocessing = 0;
		};
/* End PBXFrameworksBuildPhase section */

/* Begin PBXGroup section */
		156D445B20C2836600BE1934 = {
			isa = PBXGroup;
			children = (
				156D446620C2836600BE1934 /* TestAVPlayerLayer */,
				156D446520C2836600BE1934 /* Products */,
			);
			sourceTree = "<group>";
		};
		156D446520C2836600BE1934 /* Products */ = {
			isa = PBXGroup;
			children = (
				156D446420C2836600BE1934 /* TestAVPlayerLayer.app */,
			);
			name = Products;
			sourceTree = "<group>";
		};
		156D446620C2836600BE1934 /* TestAVPlayerLayer */ = {
			isa = PBXGroup;
			children = (
				156D446720C2836600BE1934 /* AppDelegate.swift */,
				156D446920C2836600BE1934 /* ViewController.swift */,
				156D447920C283C200BE1934 /* DDPlayerView.swift */,
				156D446B20C2836600BE1934 /* Main.storyboard */,
				156D446E20C2836800BE1934 /* Assets.xcassets */,
				156D447020C2836800BE1934 /* LaunchScreen.storyboard */,
				156D447320C2836800BE1934 /* Info.plist */,
			);
			path = TestAVPlayerLayer;
			sourceTree = "<group>";
		};
/* End PBXGroup section */

/* Begin PBXNativeTarget section */
		156D446320C2836600BE1934 /* TestAVPlayerLayer */ = {
			isa = PBXNativeTarget;
			buildConfigurationList = 156D447620C2836800BE1934 /* Build configuration list for PBXNativeTarget "TestAVPlayerLayer" */;
			buildPhases = (
				156D446020C2836600BE1934 /* Sources */,
				156D446120C2836600BE1934 /* Frameworks */,
				156D446220C2836600BE1934 /* Resources */,
			);
			buildRules = (
			);
			dependencies = (
			);
			name = TestAVPlayerLayer;
			productName = TestAVPlayerLayer;
			productReference = 156D446420C2836600BE1934 /* TestAVPlayerLayer.app */;
			productType = "com.apple.product-type.application";
		};
/* End PBXNativeTarget section */

/* Begin PBXProject section */
		156D445C20C2836600BE1934 /* Project object */ = {
			isa = PBXProject;
			attributes = {
				LastSwiftUpdateCheck = 0930;
				LastUpgradeCheck = 0930;
				ORGANIZATIONNAME = HHCSZGD;
				TargetAttributes = {
					156D446320C2836600BE1934 = {
						CreatedOnToolsVersion = 9.3;
					};
				};
			};
			buildConfigurationList = 156D445F20C2836600BE1934 /* Build configuration list for PBXProject "TestAVPlayerLayer" */;
			compatibilityVersion = "Xcode 9.3";
			developmentRegion = en;
			hasScannedForEncodings = 0;
			knownRegions = (
				en,
				Base,
			);
			mainGroup = 156D445B20C2836600BE1934;
			productRefGroup = 156D446520C2836600BE1934 /* Products */;
			projectDirPath = "";
			projectRoot = "";
			targets = (
				156D446320C2836600BE1934 /* TestAVPlayerLayer */,
			);
		};
/* End PBXProject section */

/* Begin PBXResourcesBuildPhase section */
		156D446220C2836600BE1934 /* Resources */ = {
			isa = PBXResourcesBuildPhase;
			buildActionMask = 2147483647;
			files = (
				156D447220C2836800BE1934 /* LaunchScreen.storyboard in Resources */,
				156D446F20C2836800BE1934 /* Assets.xcassets in Resources */,
				156D446D20C2836600BE1934 /* Main.storyboard in Resources */,
			);
			runOnlyForDeploymentPostprocessing = 0;
		};
/* End PBXResourcesBuildPhase section */

/* Begin PBXSourcesBuildPhase section */
		156D446020C2836600BE1934 /* Sources */ = {
			isa = PBXSourcesBuildPhase;
			buildActionMask = 2147483647;
			files = (
				156D447A20C283C200BE1934 /* DDPlayerView.swift in Sources */,
				156D446A20C2836600BE1934 /* ViewController.swift in Sources */,
				156D446820C2836600BE1934 /* AppDelegate.swift in Sources */,
			);
			runOnlyForDeploymentPostprocessing = 0;
		};
/* End PBXSourcesBuildPhase section */

/* Begin PBXVariantGroup section */
		156D446B20C2836600BE1934 /* Main.storyboard */ = {
			isa = PBXVariantGroup;
			children = (
				156D446C20C2836600BE1934 /* Base */,
			);
			name = Main.storyboard;
			sourceTree = "<group>";
		};
		156D447020C2836800BE1934 /* LaunchScreen.storyboard */ = {
			isa = PBXVariantGroup;
			children = (
				156D447120C2836800BE1934 /* Base */,
			);
			name = LaunchScreen.storyboard;
			sourceTree = "<group>";
		};
/* End PBXVariantGroup section */

/* Begin XCBuildConfiguration section */
		156D447420C2836800BE1934 /* Debug */ = {
			isa = XCBuildConfiguration;
			buildSettings = {
				ALWAYS_SEARCH_USER_PATHS = NO;
				CLANG_ANALYZER_NONNULL = YES;
				CLANG_ANALYZER_NUMBER_OBJECT_CONVERSION = YES_AGGRESSIVE;
				CLANG_CXX_LANGUAGE_STANDARD = "gnu++14";
				CLANG_CXX_LIBRARY = "libc++";
				CLANG_ENABLE_MODULES = YES;
				CLANG_ENABLE_OBJC_ARC = YES;
				CLANG_ENABLE_OBJC_WEAK = YES;
				CLANG_WARN_BLOCK_CAPTURE_AUTORELEASING = YES;
				CLANG_WARN_BOOL_CONVERSION = YES;
				CLANG_WARN_COMMA = YES;
				CLANG_WARN_CONSTANT_CONVERSION = YES;
				CLANG_WARN_DEPRECATED_OBJC_IMPLEMENTATIONS = YES;
				CLANG_WARN_DIRECT_OBJC_ISA_USAGE = YES_ERROR;
				CLANG_WARN_DOCUMENTATION_COMMENTS = YES;
				CLANG_WARN_EMPTY_BODY = YES;
				CLANG_WARN_ENUM_CONVERSION = YES;
				CLANG_WARN_INFINITE_RECURSION = YES;
				CLANG_WARN_INT_CONVERSION = YES;
				CLANG_WARN_NON_LITERAL_NULL_CONVERSION = YES;
				CLANG_WARN_OBJC_IMPLICIT_RETAIN_SELF = YES;
				CLANG_WARN_OBJC_LITERAL_CONVERSION = YES;
				CLANG_WARN_OBJC_ROOT_CLASS = YES_ERROR;
				CLANG_WARN_RANGE_LOOP_ANALYSIS = YES;
				CLANG_WARN_STRICT_PROTOTYPES = YES;
				CLANG_WARN_SUSPICIOUS_MOVE = YES;
				CLANG_WARN_UNGUARDED_AVAILABILITY = YES_AGGRESSIVE;
				CLANG_WARN_UNREACHABLE_CODE = YES;
				CLANG_WARN__DUPLICATE_METHOD_MATCH = YES;
				CODE_SIGN_IDENTITY = "iPhone Developer";
				COPY_PHASE_STRIP = NO;
				DEBUG_INFORMATION_FORMAT = dwarf;
				ENABLE_STRICT_OBJC_MSGSEND = YES;
				ENABLE_TESTABILITY = YES;
				GCC_C_LANGUAGE_STANDARD = gnu11;
				GCC_DYNAMIC_NO_PIC = NO;
				GCC_NO_COMMON_BLOCKS = YES;
				GCC_OPTIMIZATION_LEVEL = 0;
				GCC_PREPROCESSOR_DEFINITIONS = (
					"DEBUG=1",
					"$(inherited)",
				);
				GCC_WARN_64_TO_32_BIT_CONVERSION = YES;
				GCC_WARN_ABOUT_RETURN_TYPE = YES_ERROR;
				GCC_WARN_UNDECLARED_SELECTOR = YES;
				GCC_WARN_UNINITIALIZED_AUTOS = YES_AGGRESSIVE;
				GCC_WARN_UNUSED_FUNCTION = YES;
				GCC_WARN_UNUSED_VARIABLE = YES;
				IPHONEOS_DEPLOYMENT_TARGET = 11.3;
				MTL_ENABLE_DEBUG_INFO = YES;
				ONLY_ACTIVE_ARCH = YES;
				SDKROOT = iphoneos;
				SWIFT_ACTIVE_COMPILATION_CONDITIONS = DEBUG;
				SWIFT_OPTIMIZATION_LEVEL = "-Onone";
			};
			name = Debug;
		};
		156D447520C2836800BE1934 /* Release */ = {
			isa = XCBuildConfiguration;
			buildSettings = {
				ALWAYS_SEARCH_USER_PATHS = NO;
				CLANG_ANALYZER_NONNULL = YES;
				CLANG_ANALYZER_NUMBER_OBJECT_CONVERSION = YES_AGGRESSIVE;
				CLANG_CXX_LANGUAGE_STANDARD = "gnu++14";
				CLANG_CXX_LIBRARY = "libc++";
				CLANG_ENABLE_MODULES = YES;
				CLANG_ENABLE_OBJC_ARC = YES;
				CLANG_ENABLE_OBJC_WEAK = YES;
				CLANG_WARN_BLOCK_CAPTURE_AUTORELEASING = YES;
				CLANG_WARN_BOOL_CONVERSION = YES;
				CLANG_WARN_COMMA = YES;
				CLANG_WARN_CONSTANT_CONVERSION = YES;
				CLANG_WARN_DEPRECATED_OBJC_IMPLEMENTATIONS = YES;
				CLANG_WARN_DIRECT_OBJC_ISA_USAGE = YES_ERROR;
				CLANG_WARN_DOCUMENTATION_COMMENTS = YES;
				CLANG_WARN_EMPTY_BODY = YES;
				CLANG_WARN_ENUM_CONVERSION = YES;
				CLANG_WARN_INFINITE_RECURSION = YES;
				CLANG_WARN_INT_CONVERSION = YES;
				CLANG_WARN_NON_LITERAL_NULL_CONVERSION = YES;
				CLANG_WARN_OBJC_IMPLICIT_RETAIN_SELF = YES;
				CLANG_WARN_OBJC_LITERAL_CONVERSION = YES;
				CLANG_WARN_OBJC_ROOT_CLASS = YES_ERROR;
				CLANG_WARN_RANGE_LOOP_ANALYSIS = YES;
				CLANG_WARN_STRICT_PROTOTYPES = YES;
				CLANG_WARN_SUSPICIOUS_MOVE = YES;
				CLANG_WARN_UNGUARDED_AVAILABILITY = YES_AGGRESSIVE;
				CLANG_WARN_UNREACHABLE_CODE = YES;
				CLANG_WARN__DUPLICATE_METHOD_MATCH = YES;
				CODE_SIGN_IDENTITY = "iPhone Developer";
				COPY_PHASE_STRIP = NO;
				DEBUG_INFORMATION_FORMAT = "dwarf-with-dsym";
				ENABLE_NS_ASSERTIONS = NO;
				ENABLE_STRICT_OBJC_MSGSEND = YES;
				GCC_C_LANGUAGE_STANDARD = gnu11;
				GCC_NO_COMMON_BLOCKS = YES;
				GCC_WARN_64_TO_32_BIT_CONVERSION = YES;
				GCC_WARN_ABOUT_RETURN_TYPE = YES_ERROR;
				GCC_WARN_UNDECLARED_SELECTOR = YES;
				GCC_WARN_UNINITIALIZED_AUTOS = YES_AGGRESSIVE;
				GCC_WARN_UNUSED_FUNCTION = YES;
				GCC_WARN_UNUSED_VARIABLE = YES;
				IPHONEOS_DEPLOYMENT_TARGET = 11.3;
				MTL_ENABLE_DEBUG_INFO = NO;
				SDKROOT = iphoneos;
				SWIFT_COMPILATION_MODE = wholemodule;
				SWIFT_OPTIMIZATION_LEVEL = "-O";
				VALIDATE_PRODUCT = YES;
			};
			name = Release;
		};
		156D447720C2836800BE1934 /* Debug */ = {
			isa = XCBuildConfiguration;
			buildSettings = {
				ASSETCATALOG_COMPILER_APPICON_NAME = AppIcon;
				CODE_SIGN_STYLE = Automatic;
				DEVELOPMENT_TEAM = EY693LHB6N;
				INFOPLIST_FILE = TestAVPlayerLayer/Info.plist;
				LD_RUNPATH_SEARCH_PATHS = (
					"$(inherited)",
					"@executable_path/Frameworks",
				);
				PRODUCT_BUNDLE_IDENTIFIER = hhcszgd.TestAVPlayerLayer;
				PRODUCT_NAME = "$(TARGET_NAME)";
				SWIFT_VERSION = 4.0;
				TARGETED_DEVICE_FAMILY = "1,2";
			};
			name = Debug;
		};
		156D447820C2836800BE1934 /* Release */ = {
			isa = XCBuildConfiguration;
			buildSettings = {
				ASSETCATALOG_COMPILER_APPICON_NAME = AppIcon;
				CODE_SIGN_STYLE = Automatic;
				DEVELOPMENT_TEAM = EY693LHB6N;
				INFOPLIST_FILE = TestAVPlayerLayer/Info.plist;
				LD_RUNPATH_SEARCH_PATHS = (
					"$(inherited)",
					"@executable_path/Frameworks",
				);
				PRODUCT_BUNDLE_IDENTIFIER = hhcszgd.TestAVPlayerLayer;
				PRODUCT_NAME = "$(TARGET_NAME)";
				SWIFT_VERSION = 4.0;
				TARGETED_DEVICE_FAMILY = "1,2";
			};
			name = Release;
		};
/* End XCBuildConfiguration section */

/* Begin XCConfigurationList section */
		156D445F20C2836600BE1934 /* Build configuration list for PBXProject "TestAVPlayerLayer" */ = {
			isa = XCConfigurationList;
			buildConfigurations = (
				156D447420C2836800BE1934 /* Debug */,
				156D447520C2836800BE1934 /* Release */,
			);
			defaultConfigurationIsVisible = 0;
			defaultConfigurationName = Release;
		};
		156D447620C2836800BE1934 /* Build configuration list for PBXNativeTarget "TestAVPlayerLayer" */ = {
			isa = XCConfigurationList;
			buildConfigurations = (
				156D447720C2836800BE1934 /* Debug */,
				156D447820C2836800BE1934 /* Release */,
			);
			defaultConfigurationIsVisible = 0;
			defaultConfigurationName = Release;
		};
/* End XCConfigurationList section */
	};
	rootObject = 156D445C20C2836600BE1934 /* Project object */;
}
